schema: '2.0'
stages:
  foo:
    cmd: python cuahsi_ciroh_argo_s3_pipeline/foo.py
    deps:
    - path: cuahsi_ciroh_argo_s3_pipeline/foo.py
      hash: md5
      md5: 90b38cb1c6fdb88909273e8ec0a6aae6
      size: 222
    params:
      params.yaml:
        foo.param1: hello world
    outs:
    - path: output.txt
      hash: md5
      md5: 5eb63bbbe01eeed093cb22bb8f5acdc3
      size: 11
  hello_world:
    cmd: python cuahsi_ciroh_argo_s3_pipeline/hello_world.py
    deps:
    - path: cuahsi_ciroh_argo_s3_pipeline/hello_world.py
      hash: md5
      md5: f5d2de998d4b07c1f291f4ed014d00f1
      size: 215
    params:
      params.yaml:
        hello_world.message: hello world
    outs:
    - path: output.txt
      hash: md5
      md5: 5eb63bbbe01eeed093cb22bb8f5acdc3
      size: 11
