schema: '2.0'
stages:
  subset:
    cmd: python hello_world.py
    deps:
    - path: hello_world.py
      hash: md5
      md5: f5d2de998d4b07c1f291f4ed014d00f1
      size: 215
    params:
      params.yaml:
        hello_world.message: hello world
    outs:
    - path: output.txt
      hash: md5
      md5: 5eb63bbbe01eeed093cb22bb8f5acdc3
      size: 11
  argo:
    cmd: python hello_world.py
    deps:
    - path: hello_world.py
      hash: md5
      md5: fb150279b7343ec0bca83f37e764617e
      size: 1049
    params:
      params.yaml:
        argo.bearer_token: Bearer 
          v2:eyJhbGciOiJSU0EtT0FFUC0yNTYiLCJlbmMiOiJBMjU2R0NNIiwiemlwIjoiREVGIn0.l0i7ROj9rajXf-5s6vefAU7DxzfwOsE1H6yCUnG0TGp4157GayqJFaybw-6TDtVyMiR3t3b54WIRltkqRHGxaPjM-FbvOk1SUjLV9-W6cQtir4flDUVYQuk-ChFYayUIR07iP0GzGc2n8-x1STd1M8L9-Wr0ypcmkOn3sBRJC2z-p4BAnMYCcDnCWqD1zRgr5KGNjmgPq8_HoCcEecrCeZSUSaKGrb_X_Zw6eZdaFUxfgii8lIXOhmye2eweJ0Oo5iPvS9ZdZAZXyKVLlmxpBE-8_WIQyiFsH-ZVDRiuxUJlicfrW3WLgPvj3ttw68H1fLttf5G3WUF68ziRJSR3CQ.O0PrXUOsIgYyB0aN.yTtifjbX0mkNcL3YdDA8qki0zQbzgPMOedM-LG9Ko0wyWqKGr0jaoJdYHl4m5-lrX3CGi67CDwreKy299ozDPCzIKDcHntwp9v4fNF-ABoFhiAJXRAblLFmRoQaaMgmOduPSYq6YokurqPBwYqdIDw8YVdcoquNMG9bvhJHYZ11UG5Vvy4YjLAoaf8eelT-J_X6X0iXbiMt921uLBtq1uotNvV1i.0_bAzQHc25XBvx4pmSIGQw
        argo.host: https://workflows.argo.cuahsi.io
        argo.hucs: 102600070103,102600070104,102600090205,102600050206,102600070102
        argo.namespace: workflows
